
Microsoft Visual Studio Solution File, Format Version 12.00
# Visual Studio Version 17
VisualStudioVersion = 17.2.32630.192
MinimumVisualStudioVersion = 10.0.40219.1
Project("{F184B08F-C81C-45F6-A57F-5ABD9991F28F}") = "PruebaProgra", "PruebaProgra\PruebaProgra.vbproj", "{74ABF9AF-DAB4-44E3-A8A3-6365022EF395}"
EndProject
Global
	GlobalSection(SolutionConfigurationPlatforms) = preSolution
		Debug|Any CPU = Debug|Any CPU
		Release|Any CPU = Release|Any CPU
	EndGlobalSection
	GlobalSection(ProjectConfigurationPlatforms) = postSolution
		{74ABF9AF-DAB4-44E3-A8A3-6365022EF395}.Debug|Any CPU.ActiveCfg = Debug|Any CPU
		{74ABF9AF-DAB4-44E3-A8A3-6365022EF395}.Debug|Any CPU.Build.0 = Debug|Any CPU
		{74ABF9AF-DAB4-44E3-A8A3-6365022EF395}.Release|Any CPU.ActiveCfg = Release|Any CPU
		{74ABF9AF-DAB4-44E3-A8A3-6365022EF395}.Release|Any CPU.Build.0 = Release|Any CPU
	EndGlobalSection
	GlobalSection(SolutionProperties) = preSolution
		HideSolutionNode = FALSE
	EndGlobalSection
	GlobalSection(ExtensibilityGlobals) = postSolution
		SolutionGuid = {C9B7FBDC-977E-4041-81C8-743A9F73F5B8}
	EndGlobalSection
EndGlobal
